# This file is automatically @generated by Poetry 2.2.0 and should not be changed by hand.

[[package]]
name = "json-rpc"
version = "1.15.0"
description = "JSON-RPC transport implementation"
optional = false
python-versions = "*"
groups = ["main"]
files = [
    {file = "json-rpc-1.15.0.tar.gz", hash = "sha256:e6441d56c1dcd54241c937d0a2dcd193bdf0bdc539b5316524713f554b7f85b9"},
    {file = "json_rpc-1.15.0-py2.py3-none-any.whl", hash = "sha256:4a4668bbbe7116feb4abbd0f54e64a4adcf4b8f648f19ffa0848ad0f6606a9bf"},
]

[metadata]
lock-version = "2.1"
python-versions = ">=3.13"
content-hash = "72d64f767fb228d80297e87950ce9d4b4c2398ceaae9baf5823dc5560faa5d0d"
